
Microsoft Visual Studio Solution File, Format Version 12.00
# Visual Studio Version 17
VisualStudioVersion = 17.12.35728.132
MinimumVisualStudioVersion = 10.0.40219.1
Project("{2150E333-8FDC-42A3-9474-1A3956D46DE8}") = "src", "src", "{4468807F-B41F-4774-AAEC-7D989CA9D00A}"
EndProject
Project("{2150E333-8FDC-42A3-9474-1A3956D46DE8}") = "Services", "Services", "{8F266DCA-A32A-4D44-BCEB-F98D7B028088}"
EndProject
Project("{2150E333-8FDC-42A3-9474-1A3956D46DE8}") = "BuildingBlocks", "BuildingBlocks", "{9DA34CBF-EB56-4BA9-ADA3-D2BBF5CE3151}"
EndProject
Project("{FAE04EC0-301F-11D3-BF4B-00C04F79EFBC}") = "ECommerce.Common", "src\BuildingBlocks\ECommerce.Common\ECommerce.Common.csproj", "{C6E5587F-D18A-4147-A897-9F777638DCC6}"
EndProject
Project("{FAE04EC0-301F-11D3-BF4B-00C04F79EFBC}") = "ECommerce.EventBus", "src\BuildingBlocks\ECommerce.EventBus\ECommerce.EventBus.csproj", "{BAC8DF7A-5A01-41EC-9463-545B7D3C1AF3}"
EndProject
Project("{FAE04EC0-301F-11D3-BF4B-00C04F79EFBC}") = "ECommerce.MessageBroker", "src\BuildingBlocks\ECommerce.MessageBroker\ECommerce.MessageBroker.csproj", "{9BD97CE5-7673-4C2A-8375-76668528C93C}"
EndProject
Project("{FAE04EC0-301F-11D3-BF4B-00C04F79EFBC}") = "ECommerce.Catalog.Domain", "src\Services\Catalog\Catalog.Domain\ECommerce.Catalog.Domain.csproj", "{7B3737FB-46FB-4C40-85D3-9EF0F29A9037}"
EndProject
Project("{FAE04EC0-301F-11D3-BF4B-00C04F79EFBC}") = "ECommerce.Catalog.Application", "src\Services\Catalog\Catalog.Application\ECommerce.Catalog.Application.csproj", "{2FE2D5F6-3E95-480B-BC27-0B0EDE0A65F8}"
EndProject
Project("{2150E333-8FDC-42A3-9474-1A3956D46DE8}") = "Catalog", "Catalog", "{ACDF0F3D-66C0-4EDF-8DFF-9BCEC7D60D1E}"
EndProject
Project("{FAE04EC0-301F-11D3-BF4B-00C04F79EFBC}") = "ECommerce.Catalog.Infrastructure", "src\Services\Catalog\Catalog.Infrastructure\ECommerce.Catalog.Infrastructure.csproj", "{7D263F85-20B7-4B89-85AE-8BA61C926F5D}"
EndProject
Project("{FAE04EC0-301F-11D3-BF4B-00C04F79EFBC}") = "ECommerce.Catalog.API", "src\Services\Catalog\Catalog.API\ECommerce.Catalog.API.csproj", "{A5E1868D-4016-4472-B43A-206102A0B185}"
EndProject
Project("{2150E333-8FDC-42A3-9474-1A3956D46DE8}") = "Basket", "Basket", "{02EA681E-C7D8-13C7-8484-4AC65E1B71E8}"
EndProject
Project("{FAE04EC0-301F-11D3-BF4B-00C04F79EFBC}") = "ECommerce.Basket.Domain", "src\Services\Basket\ECommerce.Basket.Domain\ECommerce.Basket.Domain.csproj", "{19F57A2A-1D32-4DBC-A279-B242030E82FC}"
EndProject
Project("{FAE04EC0-301F-11D3-BF4B-00C04F79EFBC}") = "ECommerce.Basket.Infrastructure", "src\Services\Basket\ECommerce.Basket.Infrastructure\ECommerce.Basket.Infrastructure.csproj", "{ADE14C83-4726-4BAB-9219-5B66FAE33CAC}"
EndProject
Project("{FAE04EC0-301F-11D3-BF4B-00C04F79EFBC}") = "ECommerce.Basket.API", "src\Services\Basket\ECommerce.Basket.API\ECommerce.Basket.API.csproj", "{49FDD6B3-5452-4EC0-B22C-9B2728164574}"
EndProject
Project("{FAE04EC0-301F-11D3-BF4B-00C04F79EFBC}") = "ECommerce.Basket.Application", "src\Services\Basket\ECommerce.Basket.Application\ECommerce.Basket.Application.csproj", "{2026FD10-B6B1-47B7-9904-CD0DA36176CB}"
EndProject
Project("{2150E333-8FDC-42A3-9474-1A3956D46DE8}") = "Identity", "Identity", "{2FAAFEF8-E024-4F2E-839C-342C6C7EF76B}"
EndProject
Project("{FAE04EC0-301F-11D3-BF4B-00C04F79EFBC}") = "ECommerce.Identity.Domain", "src\Services\Identity\ECommerce.Identity.Domain\ECommerce.Identity.Domain.csproj", "{90E61C0D-5C5A-4885-A17B-91B513BEA7E1}"
EndProject
Project("{FAE04EC0-301F-11D3-BF4B-00C04F79EFBC}") = "ECommerce.Identity.Application", "src\Services\Identity\ECommerce.Identity.Application\ECommerce.Identity.Application.csproj", "{A88A0CE4-A76D-49D8-B3B4-DC78B01522B7}"
EndProject
Project("{FAE04EC0-301F-11D3-BF4B-00C04F79EFBC}") = "ECommerce.Identity.Infrastructure", "src\Services\Identity\ECommerce.Identity.Infrastructure\ECommerce.Identity.Infrastructure.csproj", "{E0AC83A1-89C8-4FDC-BE76-0C5396F839F5}"
EndProject
Project("{FAE04EC0-301F-11D3-BF4B-00C04F79EFBC}") = "ECommerce.Identity.API", "src\Services\Identity\ECommerce.Identity.API\ECommerce.Identity.API.csproj", "{7087FD7C-D4DA-27B2-3D7C-97026CF1FEBD}"
EndProject
Global
	GlobalSection(SolutionConfigurationPlatforms) = preSolution
		Debug|Any CPU = Debug|Any CPU
		Release|Any CPU = Release|Any CPU
	EndGlobalSection
	GlobalSection(ProjectConfigurationPlatforms) = postSolution
		{C6E5587F-D18A-4147-A897-9F777638DCC6}.Debug|Any CPU.ActiveCfg = Debug|Any CPU
		{C6E5587F-D18A-4147-A897-9F777638DCC6}.Debug|Any CPU.Build.0 = Debug|Any CPU
		{C6E5587F-D18A-4147-A897-9F777638DCC6}.Release|Any CPU.ActiveCfg = Release|Any CPU
		{C6E5587F-D18A-4147-A897-9F777638DCC6}.Release|Any CPU.Build.0 = Release|Any CPU
		{BAC8DF7A-5A01-41EC-9463-545B7D3C1AF3}.Debug|Any CPU.ActiveCfg = Debug|Any CPU
		{BAC8DF7A-5A01-41EC-9463-545B7D3C1AF3}.Debug|Any CPU.Build.0 = Debug|Any CPU
		{BAC8DF7A-5A01-41EC-9463-545B7D3C1AF3}.Release|Any CPU.ActiveCfg = Release|Any CPU
		{BAC8DF7A-5A01-41EC-9463-545B7D3C1AF3}.Release|Any CPU.Build.0 = Release|Any CPU
		{9BD97CE5-7673-4C2A-8375-76668528C93C}.Debug|Any CPU.ActiveCfg = Debug|Any CPU
		{9BD97CE5-7673-4C2A-8375-76668528C93C}.Debug|Any CPU.Build.0 = Debug|Any CPU
		{9BD97CE5-7673-4C2A-8375-76668528C93C}.Release|Any CPU.ActiveCfg = Release|Any CPU
		{9BD97CE5-7673-4C2A-8375-76668528C93C}.Release|Any CPU.Build.0 = Release|Any CPU
		{7B3737FB-46FB-4C40-85D3-9EF0F29A9037}.Debug|Any CPU.ActiveCfg = Debug|Any CPU
		{7B3737FB-46FB-4C40-85D3-9EF0F29A9037}.Debug|Any CPU.Build.0 = Debug|Any CPU
		{7B3737FB-46FB-4C40-85D3-9EF0F29A9037}.Release|Any CPU.ActiveCfg = Release|Any CPU
		{7B3737FB-46FB-4C40-85D3-9EF0F29A9037}.Release|Any CPU.Build.0 = Release|Any CPU
		{2FE2D5F6-3E95-480B-BC27-0B0EDE0A65F8}.Debug|Any CPU.ActiveCfg = Debug|Any CPU
		{2FE2D5F6-3E95-480B-BC27-0B0EDE0A65F8}.Debug|Any CPU.Build.0 = Debug|Any CPU
		{2FE2D5F6-3E95-480B-BC27-0B0EDE0A65F8}.Release|Any CPU.ActiveCfg = Release|Any CPU
		{2FE2D5F6-3E95-480B-BC27-0B0EDE0A65F8}.Release|Any CPU.Build.0 = Release|Any CPU
		{7D263F85-20B7-4B89-85AE-8BA61C926F5D}.Debug|Any CPU.ActiveCfg = Debug|Any CPU
		{7D263F85-20B7-4B89-85AE-8BA61C926F5D}.Debug|Any CPU.Build.0 = Debug|Any CPU
		{7D263F85-20B7-4B89-85AE-8BA61C926F5D}.Release|Any CPU.ActiveCfg = Release|Any CPU
		{7D263F85-20B7-4B89-85AE-8BA61C926F5D}.Release|Any CPU.Build.0 = Release|Any CPU
		{A5E1868D-4016-4472-B43A-206102A0B185}.Debug|Any CPU.ActiveCfg = Debug|Any CPU
		{A5E1868D-4016-4472-B43A-206102A0B185}.Debug|Any CPU.Build.0 = Debug|Any CPU
		{A5E1868D-4016-4472-B43A-206102A0B185}.Release|Any CPU.ActiveCfg = Release|Any CPU
		{A5E1868D-4016-4472-B43A-206102A0B185}.Release|Any CPU.Build.0 = Release|Any CPU
		{19F57A2A-1D32-4DBC-A279-B242030E82FC}.Debug|Any CPU.ActiveCfg = Debug|Any CPU
		{19F57A2A-1D32-4DBC-A279-B242030E82FC}.Debug|Any CPU.Build.0 = Debug|Any CPU
		{19F57A2A-1D32-4DBC-A279-B242030E82FC}.Release|Any CPU.ActiveCfg = Release|Any CPU
		{19F57A2A-1D32-4DBC-A279-B242030E82FC}.Release|Any CPU.Build.0 = Release|Any CPU
		{ADE14C83-4726-4BAB-9219-5B66FAE33CAC}.Debug|Any CPU.ActiveCfg = Debug|Any CPU
		{ADE14C83-4726-4BAB-9219-5B66FAE33CAC}.Debug|Any CPU.Build.0 = Debug|Any CPU
		{ADE14C83-4726-4BAB-9219-5B66FAE33CAC}.Release|Any CPU.ActiveCfg = Release|Any CPU
		{ADE14C83-4726-4BAB-9219-5B66FAE33CAC}.Release|Any CPU.Build.0 = Release|Any CPU
		{49FDD6B3-5452-4EC0-B22C-9B2728164574}.Debug|Any CPU.ActiveCfg = Debug|Any CPU
		{49FDD6B3-5452-4EC0-B22C-9B2728164574}.Debug|Any CPU.Build.0 = Debug|Any CPU
		{49FDD6B3-5452-4EC0-B22C-9B2728164574}.Release|Any CPU.ActiveCfg = Release|Any CPU
		{49FDD6B3-5452-4EC0-B22C-9B2728164574}.Release|Any CPU.Build.0 = Release|Any CPU
		{2026FD10-B6B1-47B7-9904-CD0DA36176CB}.Debug|Any CPU.ActiveCfg = Debug|Any CPU
		{2026FD10-B6B1-47B7-9904-CD0DA36176CB}.Debug|Any CPU.Build.0 = Debug|Any CPU
		{2026FD10-B6B1-47B7-9904-CD0DA36176CB}.Release|Any CPU.ActiveCfg = Release|Any CPU
		{2026FD10-B6B1-47B7-9904-CD0DA36176CB}.Release|Any CPU.Build.0 = Release|Any CPU
		{90E61C0D-5C5A-4885-A17B-91B513BEA7E1}.Debug|Any CPU.ActiveCfg = Debug|Any CPU
		{90E61C0D-5C5A-4885-A17B-91B513BEA7E1}.Debug|Any CPU.Build.0 = Debug|Any CPU
		{90E61C0D-5C5A-4885-A17B-91B513BEA7E1}.Release|Any CPU.ActiveCfg = Release|Any CPU
		{90E61C0D-5C5A-4885-A17B-91B513BEA7E1}.Release|Any CPU.Build.0 = Release|Any CPU
		{A88A0CE4-A76D-49D8-B3B4-DC78B01522B7}.Debug|Any CPU.ActiveCfg = Debug|Any CPU
		{A88A0CE4-A76D-49D8-B3B4-DC78B01522B7}.Debug|Any CPU.Build.0 = Debug|Any CPU
		{A88A0CE4-A76D-49D8-B3B4-DC78B01522B7}.Release|Any CPU.ActiveCfg = Release|Any CPU
		{A88A0CE4-A76D-49D8-B3B4-DC78B01522B7}.Release|Any CPU.Build.0 = Release|Any CPU
		{E0AC83A1-89C8-4FDC-BE76-0C5396F839F5}.Debug|Any CPU.ActiveCfg = Debug|Any CPU
		{E0AC83A1-89C8-4FDC-BE76-0C5396F839F5}.Debug|Any CPU.Build.0 = Debug|Any CPU
		{E0AC83A1-89C8-4FDC-BE76-0C5396F839F5}.Release|Any CPU.ActiveCfg = Release|Any CPU
		{E0AC83A1-89C8-4FDC-BE76-0C5396F839F5}.Release|Any CPU.Build.0 = Release|Any CPU
		{7087FD7C-D4DA-27B2-3D7C-97026CF1FEBD}.Debug|Any CPU.ActiveCfg = Debug|Any CPU
		{7087FD7C-D4DA-27B2-3D7C-97026CF1FEBD}.Debug|Any CPU.Build.0 = Debug|Any CPU
		{7087FD7C-D4DA-27B2-3D7C-97026CF1FEBD}.Release|Any CPU.ActiveCfg = Release|Any CPU
		{7087FD7C-D4DA-27B2-3D7C-97026CF1FEBD}.Release|Any CPU.Build.0 = Release|Any CPU
	EndGlobalSection
	GlobalSection(SolutionProperties) = preSolution
		HideSolutionNode = FALSE
	EndGlobalSection
	GlobalSection(NestedProjects) = preSolution
		{8F266DCA-A32A-4D44-BCEB-F98D7B028088} = {4468807F-B41F-4774-AAEC-7D989CA9D00A}
		{9DA34CBF-EB56-4BA9-ADA3-D2BBF5CE3151} = {4468807F-B41F-4774-AAEC-7D989CA9D00A}
		{C6E5587F-D18A-4147-A897-9F777638DCC6} = {9DA34CBF-EB56-4BA9-ADA3-D2BBF5CE3151}
		{BAC8DF7A-5A01-41EC-9463-545B7D3C1AF3} = {9DA34CBF-EB56-4BA9-ADA3-D2BBF5CE3151}
		{9BD97CE5-7673-4C2A-8375-76668528C93C} = {9DA34CBF-EB56-4BA9-ADA3-D2BBF5CE3151}
		{7B3737FB-46FB-4C40-85D3-9EF0F29A9037} = {ACDF0F3D-66C0-4EDF-8DFF-9BCEC7D60D1E}
		{2FE2D5F6-3E95-480B-BC27-0B0EDE0A65F8} = {ACDF0F3D-66C0-4EDF-8DFF-9BCEC7D60D1E}
		{ACDF0F3D-66C0-4EDF-8DFF-9BCEC7D60D1E} = {8F266DCA-A32A-4D44-BCEB-F98D7B028088}
		{7D263F85-20B7-4B89-85AE-8BA61C926F5D} = {ACDF0F3D-66C0-4EDF-8DFF-9BCEC7D60D1E}
		{A5E1868D-4016-4472-B43A-206102A0B185} = {ACDF0F3D-66C0-4EDF-8DFF-9BCEC7D60D1E}
		{02EA681E-C7D8-13C7-8484-4AC65E1B71E8} = {8F266DCA-A32A-4D44-BCEB-F98D7B028088}
		{19F57A2A-1D32-4DBC-A279-B242030E82FC} = {02EA681E-C7D8-13C7-8484-4AC65E1B71E8}
		{ADE14C83-4726-4BAB-9219-5B66FAE33CAC} = {02EA681E-C7D8-13C7-8484-4AC65E1B71E8}
		{49FDD6B3-5452-4EC0-B22C-9B2728164574} = {02EA681E-C7D8-13C7-8484-4AC65E1B71E8}
		{2026FD10-B6B1-47B7-9904-CD0DA36176CB} = {02EA681E-C7D8-13C7-8484-4AC65E1B71E8}
		{2FAAFEF8-E024-4F2E-839C-342C6C7EF76B} = {8F266DCA-A32A-4D44-BCEB-F98D7B028088}
		{90E61C0D-5C5A-4885-A17B-91B513BEA7E1} = {2FAAFEF8-E024-4F2E-839C-342C6C7EF76B}
		{A88A0CE4-A76D-49D8-B3B4-DC78B01522B7} = {2FAAFEF8-E024-4F2E-839C-342C6C7EF76B}
		{E0AC83A1-89C8-4FDC-BE76-0C5396F839F5} = {2FAAFEF8-E024-4F2E-839C-342C6C7EF76B}
		{7087FD7C-D4DA-27B2-3D7C-97026CF1FEBD} = {2FAAFEF8-E024-4F2E-839C-342C6C7EF76B}
	EndGlobalSection
	GlobalSection(ExtensibilityGlobals) = postSolution
		SolutionGuid = {F5A97F9D-312A-4D2E-A70F-401B42D61ACB}
	EndGlobalSection
EndGlobal
